
Microsoft Visual Studio Solution File, Format Version 11.00
# Visual Studio 2010
# SharpDevelop 4.4
Project("{FD48973F-F585-4F70-812B-4D0503B36CE9}") = "slices", "slices\slices.pyproj", "{F541589B-D52B-4E3B-84B8-0816A166C8A3}"
EndProject
Global
	GlobalSection(SolutionConfigurationPlatforms) = preSolution
		Debug|Any CPU = Debug|Any CPU
		Release|Any CPU = Release|Any CPU
	EndGlobalSection
	GlobalSection(ProjectConfigurationPlatforms) = postSolution
		{F541589B-D52B-4E3B-84B8-0816A166C8A3}.Debug|Any CPU.Build.0 = Debug|Any CPU
		{F541589B-D52B-4E3B-84B8-0816A166C8A3}.Debug|Any CPU.ActiveCfg = Debug|Any CPU
		{F541589B-D52B-4E3B-84B8-0816A166C8A3}.Release|Any CPU.Build.0 = Release|Any CPU
		{F541589B-D52B-4E3B-84B8-0816A166C8A3}.Release|Any CPU.ActiveCfg = Release|Any CPU
	EndGlobalSection
EndGlobal
