
Microsoft Visual Studio Solution File, Format Version 11.00
# Visual Studio 2010
# SharpDevelop 4.4
Project("{FD48973F-F585-4F70-812B-4D0503B36CE9}") = "lp4-1", "lp4-1\lp4-1.pyproj", "{DE159330-2781-4931-895B-C713E165978E}"
EndProject
Global
	GlobalSection(SolutionConfigurationPlatforms) = preSolution
		Debug|Any CPU = Debug|Any CPU
		Release|Any CPU = Release|Any CPU
	EndGlobalSection
	GlobalSection(ProjectConfigurationPlatforms) = postSolution
		{DE159330-2781-4931-895B-C713E165978E}.Debug|Any CPU.Build.0 = Debug|Any CPU
		{DE159330-2781-4931-895B-C713E165978E}.Debug|Any CPU.ActiveCfg = Debug|Any CPU
		{DE159330-2781-4931-895B-C713E165978E}.Release|Any CPU.Build.0 = Release|Any CPU
		{DE159330-2781-4931-895B-C713E165978E}.Release|Any CPU.ActiveCfg = Release|Any CPU
	EndGlobalSection
EndGlobal
